// !$*UTF8*$!
{
	archiveVersion = 1;
	classes = {
	};
	objectVersion = 56;
	objects = {

/* Begin PBXBuildFile section */
		0F03E6372C493E00009E4D6F /* HomepageView.swift in Sources */ = {isa = PBXBuildFile; fileRef = 0F03E6362C493E00009E4D6F /* HomepageView.swift */; };
		0F03E6392C493E62009E4D6F /* ShoppingListView.swift in Sources */ = {isa = PBXBuildFile; fileRef = 0F03E6382C493E62009E4D6F /* ShoppingListView.swift */; };
		0F03E63B2C493E70009E4D6F /* StoreMapView.swift in Sources */ = {isa = PBXBuildFile; fileRef = 0F03E63A2C493E70009E4D6F /* StoreMapView.swift */; };
		0FC93EE82C48F25C005438F6 /* ScheapApp.swift in Sources */ = {isa = PBXBuildFile; fileRef = 0FC93EE72C48F25C005438F6 /* ScheapApp.swift */; };
		0FC93EEA2C48F25C005438F6 /* ContentView.swift in Sources */ = {isa = PBXBuildFile; fileRef = 0FC93EE92C48F25C005438F6 /* ContentView.swift */; };
		0FC93EEC2C48F25C005438F6 /* Product.swift in Sources */ = {isa = PBXBuildFile; fileRef = 0FC93EEB2C48F25C005438F6 /* Product.swift */; };
		0FC93EEE2C48F25D005438F6 /* Assets.xcassets in Resources */ = {isa = PBXBuildFile; fileRef = 0FC93EED2C48F25D005438F6 /* Assets.xcassets */; };
		0FC93EF12C48F25D005438F6 /* Preview Assets.xcassets in Resources */ = {isa = PBXBuildFile; fileRef = 0FC93EF02C48F25D005438F6 /* Preview Assets.xcassets */; };
		0FC93EFB2C48F25D005438F6 /* ScheapTests.swift in Sources */ = {isa = PBXBuildFile; fileRef = 0FC93EFA2C48F25D005438F6 /* ScheapTests.swift */; };
		0FC93F052C48F25D005438F6 /* ScheapUITests.swift in Sources */ = {isa = PBXBuildFile; fileRef = 0FC93F042C48F25D005438F6 /* ScheapUITests.swift */; };
		0FC93F072C48F25D005438F6 /* ScheapUITestsLaunchTests.swift in Sources */ = {isa = PBXBuildFile; fileRef = 0FC93F062C48F25D005438F6 /* ScheapUITestsLaunchTests.swift */; };
		0FC93F142C4904B5005438F6 /* TabView.swift in Sources */ = {isa = PBXBuildFile; fileRef = 0FC93F132C4904B5005438F6 /* TabView.swift */; };
/* End PBXBuildFile section */

/* Begin PBXContainerItemProxy section */
		0FC93EF72C48F25D005438F6 /* PBXContainerItemProxy */ = {
			isa = PBXContainerItemProxy;
			containerPortal = 0FC93EDC2C48F25C005438F6 /* Project object */;
			proxyType = 1;
			remoteGlobalIDString = 0FC93EE32C48F25C005438F6;
			remoteInfo = Scheap;
		};
		0FC93F012C48F25D005438F6 /* PBXContainerItemProxy */ = {
			isa = PBXContainerItemProxy;
			containerPortal = 0FC93EDC2C48F25C005438F6 /* Project object */;
			proxyType = 1;
			remoteGlobalIDString = 0FC93EE32C48F25C005438F6;
			remoteInfo = Scheap;
		};
/* End PBXContainerItemProxy section */

/* Begin PBXFileReference section */
		0F03E6362C493E00009E4D6F /* HomepageView.swift */ = {isa = PBXFileReference; lastKnownFileType = sourcecode.swift; path = HomepageView.swift; sourceTree = "<group>"; };
		0F03E6382C493E62009E4D6F /* ShoppingListView.swift */ = {isa = PBXFileReference; lastKnownFileType = sourcecode.swift; path = ShoppingListView.swift; sourceTree = "<group>"; };
		0F03E63A2C493E70009E4D6F /* StoreMapView.swift */ = {isa = PBXFileReference; lastKnownFileType = sourcecode.swift; path = StoreMapView.swift; sourceTree = "<group>"; };
		0FC93EE42C48F25C005438F6 /* Scheap.app */ = {isa = PBXFileReference; explicitFileType = wrapper.application; includeInIndex = 0; path = Scheap.app; sourceTree = BUILT_PRODUCTS_DIR; };
		0FC93EE72C48F25C005438F6 /* ScheapApp.swift */ = {isa = PBXFileReference; lastKnownFileType = sourcecode.swift; path = ScheapApp.swift; sourceTree = "<group>"; };
		0FC93EE92C48F25C005438F6 /* ContentView.swift */ = {isa = PBXFileReference; lastKnownFileType = sourcecode.swift; path = ContentView.swift; sourceTree = "<group>"; };
		0FC93EEB2C48F25C005438F6 /* Product.swift */ = {isa = PBXFileReference; lastKnownFileType = sourcecode.swift; path = Product.swift; sourceTree = "<group>"; };
		0FC93EED2C48F25D005438F6 /* Assets.xcassets */ = {isa = PBXFileReference; lastKnownFileType = folder.assetcatalog; path = Assets.xcassets; sourceTree = "<group>"; };
		0FC93EF02C48F25D005438F6 /* Preview Assets.xcassets */ = {isa = PBXFileReference; lastKnownFileType = folder.assetcatalog; path = "Preview Assets.xcassets"; sourceTree = "<group>"; };
		0FC93EF62C48F25D005438F6 /* ScheapTests.xctest */ = {isa = PBXFileReference; explicitFileType = wrapper.cfbundle; includeInIndex = 0; path = ScheapTests.xctest; sourceTree = BUILT_PRODUCTS_DIR; };
		0FC93EFA2C48F25D005438F6 /* ScheapTests.swift */ = {isa = PBXFileReference; lastKnownFileType = sourcecode.swift; path = ScheapTests.swift; sourceTree = "<group>"; };
		0FC93F002C48F25D005438F6 /* ScheapUITests.xctest */ = {isa = PBXFileReference; explicitFileType = wrapper.cfbundle; includeInIndex = 0; path = ScheapUITests.xctest; sourceTree = BUILT_PRODUCTS_DIR; };
		0FC93F042C48F25D005438F6 /* ScheapUITests.swift */ = {isa = PBXFileReference; lastKnownFileType = sourcecode.swift; path = ScheapUITests.swift; sourceTree = "<group>"; };
		0FC93F062C48F25D005438F6 /* ScheapUITestsLaunchTests.swift */ = {isa = PBXFileReference; lastKnownFileType = sourcecode.swift; path = ScheapUITestsLaunchTests.swift; sourceTree = "<group>"; };
		0FC93F132C4904B5005438F6 /* TabView.swift */ = {isa = PBXFileReference; lastKnownFileType = sourcecode.swift; path = TabView.swift; sourceTree = "<group>"; };
/* End PBXFileReference section */

/* Begin PBXFrameworksBuildPhase section */
		0FC93EE12C48F25C005438F6 /* Frameworks */ = {
			isa = PBXFrameworksBuildPhase;
			buildActionMask = 2147483647;
			files = (
			);
			runOnlyForDeploymentPostprocessing = 0;
		};
		0FC93EF32C48F25D005438F6 /* Frameworks */ = {
			isa = PBXFrameworksBuildPhase;
			buildActionMask = 2147483647;
			files = (
			);
			runOnlyForDeploymentPostprocessing = 0;
		};
		0FC93EFD2C48F25D005438F6 /* Frameworks */ = {
			isa = PBXFrameworksBuildPhase;
			buildActionMask = 2147483647;
			files = (
			);
			runOnlyForDeploymentPostprocessing = 0;
		};
/* End PBXFrameworksBuildPhase section */

/* Begin PBXGroup section */
		0F03E6332C49383D009E4D6F /* OtherViews */ = {
			isa = PBXGroup;
			children = (
				0FC93F132C4904B5005438F6 /* TabView.swift */,
			);
			path = OtherViews;
			sourceTree = "<group>";
		};
		0F03E6342C493867009E4D6F /* Schemas */ = {
			isa = PBXGroup;
			children = (
				0FC93EEB2C48F25C005438F6 /* Product.swift */,
			);
			path = Schemas;
			sourceTree = "<group>";
		};
		0F03E6352C493DF1009E4D6F /* Screens */ = {
			isa = PBXGroup;
			children = (
				0F03E6362C493E00009E4D6F /* HomepageView.swift */,
				0F03E6382C493E62009E4D6F /* ShoppingListView.swift */,
				0F03E63A2C493E70009E4D6F /* StoreMapView.swift */,
			);
			path = Screens;
			sourceTree = "<group>";
		};
		0FC93EDB2C48F25C005438F6 = {
			isa = PBXGroup;
			children = (
				0FC93EE62C48F25C005438F6 /* Scheap */,
				0FC93EF92C48F25D005438F6 /* ScheapTests */,
				0FC93F032C48F25D005438F6 /* ScheapUITests */,
				0FC93EE52C48F25C005438F6 /* Products */,
			);
			sourceTree = "<group>";
		};
		0FC93EE52C48F25C005438F6 /* Products */ = {
			isa = PBXGroup;
			children = (
				0FC93EE42C48F25C005438F6 /* Scheap.app */,
				0FC93EF62C48F25D005438F6 /* ScheapTests.xctest */,
				0FC93F002C48F25D005438F6 /* ScheapUITests.xctest */,
			);
			name = Products;
			sourceTree = "<group>";
		};
		0FC93EE62C48F25C005438F6 /* Scheap */ = {
			isa = PBXGroup;
			children = (
				0F03E6352C493DF1009E4D6F /* Screens */,
				0F03E6342C493867009E4D6F /* Schemas */,
				0F03E6332C49383D009E4D6F /* OtherViews */,
				0FC93EE72C48F25C005438F6 /* ScheapApp.swift */,
				0FC93EE92C48F25C005438F6 /* ContentView.swift */,
				0FC93EED2C48F25D005438F6 /* Assets.xcassets */,
				0FC93EEF2C48F25D005438F6 /* Preview Content */,
			);
			path = Scheap;
			sourceTree = "<group>";
		};
		0FC93EEF2C48F25D005438F6 /* Preview Content */ = {
			isa = PBXGroup;
			children = (
				0FC93EF02C48F25D005438F6 /* Preview Assets.xcassets */,
			);
			path = "Preview Content";
			sourceTree = "<group>";
		};
		0FC93EF92C48F25D005438F6 /* ScheapTests */ = {
			isa = PBXGroup;
			children = (
				0FC93EFA2C48F25D005438F6 /* ScheapTests.swift */,
			);
			path = ScheapTests;
			sourceTree = "<group>";
		};
		0FC93F032C48F25D005438F6 /* ScheapUITests */ = {
			isa = PBXGroup;
			children = (
				0FC93F042C48F25D005438F6 /* ScheapUITests.swift */,
				0FC93F062C48F25D005438F6 /* ScheapUITestsLaunchTests.swift */,
			);
			path = ScheapUITests;
			sourceTree = "<group>";
		};
/* End PBXGroup section */

/* Begin PBXNativeTarget section */
		0FC93EE32C48F25C005438F6 /* Scheap */ = {
			isa = PBXNativeTarget;
			buildConfigurationList = 0FC93F0A2C48F25D005438F6 /* Build configuration list for PBXNativeTarget "Scheap" */;
			buildPhases = (
				0FC93EE02C48F25C005438F6 /* Sources */,
				0FC93EE12C48F25C005438F6 /* Frameworks */,
				0FC93EE22C48F25C005438F6 /* Resources */,
			);
			buildRules = (
			);
			dependencies = (
			);
			name = Scheap;
			productName = Scheap;
			productReference = 0FC93EE42C48F25C005438F6 /* Scheap.app */;
			productType = "com.apple.product-type.application";
		};
		0FC93EF52C48F25D005438F6 /* ScheapTests */ = {
			isa = PBXNativeTarget;
			buildConfigurationList = 0FC93F0D2C48F25D005438F6 /* Build configuration list for PBXNativeTarget "ScheapTests" */;
			buildPhases = (
				0FC93EF22C48F25D005438F6 /* Sources */,
				0FC93EF32C48F25D005438F6 /* Frameworks */,
				0FC93EF42C48F25D005438F6 /* Resources */,
			);
			buildRules = (
			);
			dependencies = (
				0FC93EF82C48F25D005438F6 /* PBXTargetDependency */,
			);
			name = ScheapTests;
			productName = ScheapTests;
			productReference = 0FC93EF62C48F25D005438F6 /* ScheapTests.xctest */;
			productType = "com.apple.product-type.bundle.unit-test";
		};
		0FC93EFF2C48F25D005438F6 /* ScheapUITests */ = {
			isa = PBXNativeTarget;
			buildConfigurationList = 0FC93F102C48F25D005438F6 /* Build configuration list for PBXNativeTarget "ScheapUITests" */;
			buildPhases = (
				0FC93EFC2C48F25D005438F6 /* Sources */,
				0FC93EFD2C48F25D005438F6 /* Frameworks */,
				0FC93EFE2C48F25D005438F6 /* Resources */,
			);
			buildRules = (
			);
			dependencies = (
				0FC93F022C48F25D005438F6 /* PBXTargetDependency */,
			);
			name = ScheapUITests;
			productName = ScheapUITests;
			productReference = 0FC93F002C48F25D005438F6 /* ScheapUITests.xctest */;
			productType = "com.apple.product-type.bundle.ui-testing";
		};
/* End PBXNativeTarget section */

/* Begin PBXProject section */
		0FC93EDC2C48F25C005438F6 /* Project object */ = {
			isa = PBXProject;
			attributes = {
				BuildIndependentTargetsInParallel = 1;
				LastSwiftUpdateCheck = 1540;
				LastUpgradeCheck = 1540;
				TargetAttributes = {
					0FC93EE32C48F25C005438F6 = {
						CreatedOnToolsVersion = 15.4;
					};
					0FC93EF52C48F25D005438F6 = {
						CreatedOnToolsVersion = 15.4;
						TestTargetID = 0FC93EE32C48F25C005438F6;
					};
					0FC93EFF2C48F25D005438F6 = {
						CreatedOnToolsVersion = 15.4;
						TestTargetID = 0FC93EE32C48F25C005438F6;
					};
				};
			};
			buildConfigurationList = 0FC93EDF2C48F25C005438F6 /* Build configuration list for PBXProject "Scheap" */;
			compatibilityVersion = "Xcode 14.0";
			developmentRegion = en;
			hasScannedForEncodings = 0;
			knownRegions = (
				en,
				Base,
			);
			mainGroup = 0FC93EDB2C48F25C005438F6;
			productRefGroup = 0FC93EE52C48F25C005438F6 /* Products */;
			projectDirPath = "";
			projectRoot = "";
			targets = (
				0FC93EE32C48F25C005438F6 /* Scheap */,
				0FC93EF52C48F25D005438F6 /* ScheapTests */,
				0FC93EFF2C48F25D005438F6 /* ScheapUITests */,
			);
		};
/* End PBXProject section */

/* Begin PBXResourcesBuildPhase section */
		0FC93EE22C48F25C005438F6 /* Resources */ = {
			isa = PBXResourcesBuildPhase;
			buildActionMask = 2147483647;
			files = (
				0FC93EF12C48F25D005438F6 /* Preview Assets.xcassets in Resources */,
				0FC93EEE2C48F25D005438F6 /* Assets.xcassets in Resources */,
			);
			runOnlyForDeploymentPostprocessing = 0;
		};
		0FC93EF42C48F25D005438F6 /* Resources */ = {
			isa = PBXResourcesBuildPhase;
			buildActionMask = 2147483647;
			files = (
			);
			runOnlyForDeploymentPostprocessing = 0;
		};
		0FC93EFE2C48F25D005438F6 /* Resources */ = {
			isa = PBXResourcesBuildPhase;
			buildActionMask = 2147483647;
			files = (
			);
			runOnlyForDeploymentPostprocessing = 0;
		};
/* End PBXResourcesBuildPhase section */

/* Begin PBXSourcesBuildPhase section */
		0FC93EE02C48F25C005438F6 /* Sources */ = {
			isa = PBXSourcesBuildPhase;
			buildActionMask = 2147483647;
			files = (
				0F03E6392C493E62009E4D6F /* ShoppingListView.swift in Sources */,
				0FC93EEA2C48F25C005438F6 /* ContentView.swift in Sources */,
				0FC93EEC2C48F25C005438F6 /* Product.swift in Sources */,
				0F03E6372C493E00009E4D6F /* HomepageView.swift in Sources */,
				0FC93F142C4904B5005438F6 /* TabView.swift in Sources */,
				0F03E63B2C493E70009E4D6F /* StoreMapView.swift in Sources */,
				0FC93EE82C48F25C005438F6 /* ScheapApp.swift in Sources */,
			);
			runOnlyForDeploymentPostprocessing = 0;
		};
		0FC93EF22C48F25D005438F6 /* Sources */ = {
			isa = PBXSourcesBuildPhase;
			buildActionMask = 2147483647;
			files = (
				0FC93EFB2C48F25D005438F6 /* ScheapTests.swift in Sources */,
			);
			runOnlyForDeploymentPostprocessing = 0;
		};
		0FC93EFC2C48F25D005438F6 /* Sources */ = {
			isa = PBXSourcesBuildPhase;
			buildActionMask = 2147483647;
			files = (
				0FC93F072C48F25D005438F6 /* ScheapUITestsLaunchTests.swift in Sources */,
				0FC93F052C48F25D005438F6 /* ScheapUITests.swift in Sources */,
			);
			runOnlyForDeploymentPostprocessing = 0;
		};
/* End PBXSourcesBuildPhase section */

/* Begin PBXTargetDependency section */
		0FC93EF82C48F25D005438F6 /* PBXTargetDependency */ = {
			isa = PBXTargetDependency;
			target = 0FC93EE32C48F25C005438F6 /* Scheap */;
			targetProxy = 0FC93EF72C48F25D005438F6 /* PBXContainerItemProxy */;
		};
		0FC93F022C48F25D005438F6 /* PBXTargetDependency */ = {
			isa = PBXTargetDependency;
			target = 0FC93EE32C48F25C005438F6 /* Scheap */;
			targetProxy = 0FC93F012C48F25D005438F6 /* PBXContainerItemProxy */;
		};
/* End PBXTargetDependency section */

/* Begin XCBuildConfiguration section */
		0FC93F082C48F25D005438F6 /* Debug */ = {
			isa = XCBuildConfiguration;
			buildSettings = {
				ALWAYS_SEARCH_USER_PATHS = NO;
				ASSETCATALOG_COMPILER_GENERATE_SWIFT_ASSET_SYMBOL_EXTENSIONS = YES;
				CLANG_ANALYZER_NONNULL = YES;
				CLANG_ANALYZER_NUMBER_OBJECT_CONVERSION = YES_AGGRESSIVE;
				CLANG_CXX_LANGUAGE_STANDARD = "gnu++20";
				CLANG_ENABLE_MODULES = YES;
				CLANG_ENABLE_OBJC_ARC = YES;
				CLANG_ENABLE_OBJC_WEAK = YES;
				CLANG_WARN_BLOCK_CAPTURE_AUTORELEASING = YES;
				CLANG_WARN_BOOL_CONVERSION = YES;
				CLANG_WARN_COMMA = YES;
				CLANG_WARN_CONSTANT_CONVERSION = YES;
				CLANG_WARN_DEPRECATED_OBJC_IMPLEMENTATIONS = YES;
				CLANG_WARN_DIRECT_OBJC_ISA_USAGE = YES_ERROR;
				CLANG_WARN_DOCUMENTATION_COMMENTS = YES;
				CLANG_WARN_EMPTY_BODY = YES;
				CLANG_WARN_ENUM_CONVERSION = YES;
				CLANG_WARN_INFINITE_RECURSION = YES;
				CLANG_WARN_INT_CONVERSION = YES;
				CLANG_WARN_NON_LITERAL_NULL_CONVERSION = YES;
				CLANG_WARN_OBJC_IMPLICIT_RETAIN_SELF = YES;
				CLANG_WARN_OBJC_LITERAL_CONVERSION = YES;
				CLANG_WARN_OBJC_ROOT_CLASS = YES_ERROR;
				CLANG_WARN_QUOTED_INCLUDE_IN_FRAMEWORK_HEADER = YES;
				CLANG_WARN_RANGE_LOOP_ANALYSIS = YES;
				CLANG_WARN_STRICT_PROTOTYPES = YES;
				CLANG_WARN_SUSPICIOUS_MOVE = YES;
				CLANG_WARN_UNGUARDED_AVAILABILITY = YES_AGGRESSIVE;
				CLANG_WARN_UNREACHABLE_CODE = YES;
				CLANG_WARN__DUPLICATE_METHOD_MATCH = YES;
				COPY_PHASE_STRIP = NO;
				DEBUG_INFORMATION_FORMAT = dwarf;
				ENABLE_STRICT_OBJC_MSGSEND = YES;
				ENABLE_TESTABILITY = YES;
				ENABLE_USER_SCRIPT_SANDBOXING = YES;
				GCC_C_LANGUAGE_STANDARD = gnu17;
				GCC_DYNAMIC_NO_PIC = NO;
				GCC_NO_COMMON_BLOCKS = YES;
				GCC_OPTIMIZATION_LEVEL = 0;
				GCC_PREPROCESSOR_DEFINITIONS = (
					"DEBUG=1",
					"$(inherited)",
				);
				GCC_WARN_64_TO_32_BIT_CONVERSION = YES;
				GCC_WARN_ABOUT_RETURN_TYPE = YES_ERROR;
				GCC_WARN_UNDECLARED_SELECTOR = YES;
				GCC_WARN_UNINITIALIZED_AUTOS = YES_AGGRESSIVE;
				GCC_WARN_UNUSED_FUNCTION = YES;
				GCC_WARN_UNUSED_VARIABLE = YES;
				IPHONEOS_DEPLOYMENT_TARGET = 17.5;
				LOCALIZATION_PREFERS_STRING_CATALOGS = YES;
				MTL_ENABLE_DEBUG_INFO = INCLUDE_SOURCE;
				MTL_FAST_MATH = YES;
				ONLY_ACTIVE_ARCH = YES;
				SDKROOT = iphoneos;
				SWIFT_ACTIVE_COMPILATION_CONDITIONS = "DEBUG $(inherited)";
				SWIFT_OPTIMIZATION_LEVEL = "-Onone";
			};
			name = Debug;
		};
		0FC93F092C48F25D005438F6 /* Release */ = {
			isa = XCBuildConfiguration;
			buildSettings = {
				ALWAYS_SEARCH_USER_PATHS = NO;
				ASSETCATALOG_COMPILER_GENERATE_SWIFT_ASSET_SYMBOL_EXTENSIONS = YES;
				CLANG_ANALYZER_NONNULL = YES;
				CLANG_ANALYZER_NUMBER_OBJECT_CONVERSION = YES_AGGRESSIVE;
				CLANG_CXX_LANGUAGE_STANDARD = "gnu++20";
				CLANG_ENABLE_MODULES = YES;
				CLANG_ENABLE_OBJC_ARC = YES;
				CLANG_ENABLE_OBJC_WEAK = YES;
				CLANG_WARN_BLOCK_CAPTURE_AUTORELEASING = YES;
				CLANG_WARN_BOOL_CONVERSION = YES;
				CLANG_WARN_COMMA = YES;
				CLANG_WARN_CONSTANT_CONVERSION = YES;
				CLANG_WARN_DEPRECATED_OBJC_IMPLEMENTATIONS = YES;
				CLANG_WARN_DIRECT_OBJC_ISA_USAGE = YES_ERROR;
				CLANG_WARN_DOCUMENTATION_COMMENTS = YES;
				CLANG_WARN_EMPTY_BODY = YES;
				CLANG_WARN_ENUM_CONVERSION = YES;
				CLANG_WARN_INFINITE_RECURSION = YES;
				CLANG_WARN_INT_CONVERSION = YES;
				CLANG_WARN_NON_LITERAL_NULL_CONVERSION = YES;
				CLANG_WARN_OBJC_IMPLICIT_RETAIN_SELF = YES;
				CLANG_WARN_OBJC_LITERAL_CONVERSION = YES;
				CLANG_WARN_OBJC_ROOT_CLASS = YES_ERROR;
				CLANG_WARN_QUOTED_INCLUDE_IN_FRAMEWORK_HEADER = YES;
				CLANG_WARN_RANGE_LOOP_ANALYSIS = YES;
				CLANG_WARN_STRICT_PROTOTYPES = YES;
				CLANG_WARN_SUSPICIOUS_MOVE = YES;
				CLANG_WARN_UNGUARDED_AVAILABILITY = YES_AGGRESSIVE;
				CLANG_WARN_UNREACHABLE_CODE = YES;
				CLANG_WARN__DUPLICATE_METHOD_MATCH = YES;
				COPY_PHASE_STRIP = NO;
				DEBUG_INFORMATION_FORMAT = "dwarf-with-dsym";
				ENABLE_NS_ASSERTIONS = NO;
				ENABLE_STRICT_OBJC_MSGSEND = YES;
				ENABLE_USER_SCRIPT_SANDBOXING = YES;
				GCC_C_LANGUAGE_STANDARD = gnu17;
				GCC_NO_COMMON_BLOCKS = YES;
				GCC_WARN_64_TO_32_BIT_CONVERSION = YES;
				GCC_WARN_ABOUT_RETURN_TYPE = YES_ERROR;
				GCC_WARN_UNDECLARED_SELECTOR = YES;
				GCC_WARN_UNINITIALIZED_AUTOS = YES_AGGRESSIVE;
				GCC_WARN_UNUSED_FUNCTION = YES;
				GCC_WARN_UNUSED_VARIABLE = YES;
				IPHONEOS_DEPLOYMENT_TARGET = 17.5;
				LOCALIZATION_PREFERS_STRING_CATALOGS = YES;
				MTL_ENABLE_DEBUG_INFO = NO;
				MTL_FAST_MATH = YES;
				SDKROOT = iphoneos;
				SWIFT_COMPILATION_MODE = wholemodule;
				VALIDATE_PRODUCT = YES;
			};
			name = Release;
		};
		0FC93F0B2C48F25D005438F6 /* Debug */ = {
			isa = XCBuildConfiguration;
			buildSettings = {
				ASSETCATALOG_COMPILER_APPICON_NAME = AppIcon;
				ASSETCATALOG_COMPILER_GLOBAL_ACCENT_COLOR_NAME = AccentColor;
				CODE_SIGN_STYLE = Automatic;
				CURRENT_PROJECT_VERSION = 1;
				DEVELOPMENT_ASSET_PATHS = "\"Scheap/Preview Content\"";
				DEVELOPMENT_TEAM = 37925SQG82;
				ENABLE_PREVIEWS = YES;
				GENERATE_INFOPLIST_FILE = YES;
				INFOPLIST_KEY_UIApplicationSceneManifest_Generation = YES;
				INFOPLIST_KEY_UIApplicationSupportsIndirectInputEvents = YES;
				INFOPLIST_KEY_UILaunchScreen_Generation = YES;
				INFOPLIST_KEY_UISupportedInterfaceOrientations_iPad = "UIInterfaceOrientationPortrait UIInterfaceOrientationPortraitUpsideDown UIInterfaceOrientationLandscapeLeft UIInterfaceOrientationLandscapeRight";
				INFOPLIST_KEY_UISupportedInterfaceOrientations_iPhone = "UIInterfaceOrientationPortrait UIInterfaceOrientationLandscapeLeft UIInterfaceOrientationLandscapeRight";
				LD_RUNPATH_SEARCH_PATHS = (
					"$(inherited)",
					"@executable_path/Frameworks",
				);
				MARKETING_VERSION = 1.0;
				PRODUCT_BUNDLE_IDENTIFIER = scaredcr6w.Scheap;
				PRODUCT_NAME = "$(TARGET_NAME)";
				SWIFT_EMIT_LOC_STRINGS = YES;
				SWIFT_VERSION = 5.0;
				TARGETED_DEVICE_FAMILY = "1,2";
			};
			name = Debug;
		};
		0FC93F0C2C48F25D005438F6 /* Release */ = {
			isa = XCBuildConfiguration;
			buildSettings = {
				ASSETCATALOG_COMPILER_APPICON_NAME = AppIcon;
				ASSETCATALOG_COMPILER_GLOBAL_ACCENT_COLOR_NAME = AccentColor;
				CODE_SIGN_STYLE = Automatic;
				CURRENT_PROJECT_VERSION = 1;
				DEVELOPMENT_ASSET_PATHS = "\"Scheap/Preview Content\"";
				DEVELOPMENT_TEAM = 37925SQG82;
				ENABLE_PREVIEWS = YES;
				GENERATE_INFOPLIST_FILE = YES;
				INFOPLIST_KEY_UIApplicationSceneManifest_Generation = YES;
				INFOPLIST_KEY_UIApplicationSupportsIndirectInputEvents = YES;
				INFOPLIST_KEY_UILaunchScreen_Generation = YES;
				INFOPLIST_KEY_UISupportedInterfaceOrientations_iPad = "UIInterfaceOrientationPortrait UIInterfaceOrientationPortraitUpsideDown UIInterfaceOrientationLandscapeLeft UIInterfaceOrientationLandscapeRight";
				INFOPLIST_KEY_UISupportedInterfaceOrientations_iPhone = "UIInterfaceOrientationPortrait UIInterfaceOrientationLandscapeLeft UIInterfaceOrientationLandscapeRight";
				LD_RUNPATH_SEARCH_PATHS = (
					"$(inherited)",
					"@executable_path/Frameworks",
				);
				MARKETING_VERSION = 1.0;
				PRODUCT_BUNDLE_IDENTIFIER = scaredcr6w.Scheap;
				PRODUCT_NAME = "$(TARGET_NAME)";
				SWIFT_EMIT_LOC_STRINGS = YES;
				SWIFT_VERSION = 5.0;
				TARGETED_DEVICE_FAMILY = "1,2";
			};
			name = Release;
		};
		0FC93F0E2C48F25D005438F6 /* Debug */ = {
			isa = XCBuildConfiguration;
			buildSettings = {
				ALWAYS_EMBED_SWIFT_STANDARD_LIBRARIES = YES;
				BUNDLE_LOADER = "$(TEST_HOST)";
				CODE_SIGN_STYLE = Automatic;
				CURRENT_PROJECT_VERSION = 1;
				DEVELOPMENT_TEAM = 37925SQG82;
				GENERATE_INFOPLIST_FILE = YES;
				IPHONEOS_DEPLOYMENT_TARGET = 17.5;
				MARKETING_VERSION = 1.0;
				PRODUCT_BUNDLE_IDENTIFIER = scaredcr6w.ScheapTests;
				PRODUCT_NAME = "$(TARGET_NAME)";
				SWIFT_EMIT_LOC_STRINGS = NO;
				SWIFT_VERSION = 5.0;
				TARGETED_DEVICE_FAMILY = "1,2";
				TEST_HOST = "$(BUILT_PRODUCTS_DIR)/Scheap.app/$(BUNDLE_EXECUTABLE_FOLDER_PATH)/Scheap";
			};
			name = Debug;
		};
		0FC93F0F2C48F25D005438F6 /* Release */ = {
			isa = XCBuildConfiguration;
			buildSettings = {
				ALWAYS_EMBED_SWIFT_STANDARD_LIBRARIES = YES;
				BUNDLE_LOADER = "$(TEST_HOST)";
				CODE_SIGN_STYLE = Automatic;
				CURRENT_PROJECT_VERSION = 1;
				DEVELOPMENT_TEAM = 37925SQG82;
				GENERATE_INFOPLIST_FILE = YES;
				IPHONEOS_DEPLOYMENT_TARGET = 17.5;
				MARKETING_VERSION = 1.0;
				PRODUCT_BUNDLE_IDENTIFIER = scaredcr6w.ScheapTests;
				PRODUCT_NAME = "$(TARGET_NAME)";
				SWIFT_EMIT_LOC_STRINGS = NO;
				SWIFT_VERSION = 5.0;
				TARGETED_DEVICE_FAMILY = "1,2";
				TEST_HOST = "$(BUILT_PRODUCTS_DIR)/Scheap.app/$(BUNDLE_EXECUTABLE_FOLDER_PATH)/Scheap";
			};
			name = Release;
		};
		0FC93F112C48F25D005438F6 /* Debug */ = {
			isa = XCBuildConfiguration;
			buildSettings = {
				ALWAYS_EMBED_SWIFT_STANDARD_LIBRARIES = YES;
				CODE_SIGN_STYLE = Automatic;
				CURRENT_PROJECT_VERSION = 1;
				DEVELOPMENT_TEAM = 37925SQG82;
				GENERATE_INFOPLIST_FILE = YES;
				MARKETING_VERSION = 1.0;
				PRODUCT_BUNDLE_IDENTIFIER = scaredcr6w.ScheapUITests;
				PRODUCT_NAME = "$(TARGET_NAME)";
				SWIFT_EMIT_LOC_STRINGS = NO;
				SWIFT_VERSION = 5.0;
				TARGETED_DEVICE_FAMILY = "1,2";
				TEST_TARGET_NAME = Scheap;
			};
			name = Debug;
		};
		0FC93F122C48F25D005438F6 /* Release */ = {
			isa = XCBuildConfiguration;
			buildSettings = {
				ALWAYS_EMBED_SWIFT_STANDARD_LIBRARIES = YES;
				CODE_SIGN_STYLE = Automatic;
				CURRENT_PROJECT_VERSION = 1;
				DEVELOPMENT_TEAM = 37925SQG82;
				GENERATE_INFOPLIST_FILE = YES;
				MARKETING_VERSION = 1.0;
				PRODUCT_BUNDLE_IDENTIFIER = scaredcr6w.ScheapUITests;
				PRODUCT_NAME = "$(TARGET_NAME)";
				SWIFT_EMIT_LOC_STRINGS = NO;
				SWIFT_VERSION = 5.0;
				TARGETED_DEVICE_FAMILY = "1,2";
				TEST_TARGET_NAME = Scheap;
			};
			name = Release;
		};
/* End XCBuildConfiguration section */

/* Begin XCConfigurationList section */
		0FC93EDF2C48F25C005438F6 /* Build configuration list for PBXProject "Scheap" */ = {
			isa = XCConfigurationList;
			buildConfigurations = (
				0FC93F082C48F25D005438F6 /* Debug */,
				0FC93F092C48F25D005438F6 /* Release */,
			);
			defaultConfigurationIsVisible = 0;
			defaultConfigurationName = Release;
		};
		0FC93F0A2C48F25D005438F6 /* Build configuration list for PBXNativeTarget "Scheap" */ = {
			isa = XCConfigurationList;
			buildConfigurations = (
				0FC93F0B2C48F25D005438F6 /* Debug */,
				0FC93F0C2C48F25D005438F6 /* Release */,
			);
			defaultConfigurationIsVisible = 0;
			defaultConfigurationName = Release;
		};
		0FC93F0D2C48F25D005438F6 /* Build configuration list for PBXNativeTarget "ScheapTests" */ = {
			isa = XCConfigurationList;
			buildConfigurations = (
				0FC93F0E2C48F25D005438F6 /* Debug */,
				0FC93F0F2C48F25D005438F6 /* Release */,
			);
			defaultConfigurationIsVisible = 0;
			defaultConfigurationName = Release;
		};
		0FC93F102C48F25D005438F6 /* Build configuration list for PBXNativeTarget "ScheapUITests" */ = {
			isa = XCConfigurationList;
			buildConfigurations = (
				0FC93F112C48F25D005438F6 /* Debug */,
				0FC93F122C48F25D005438F6 /* Release */,
			);
			defaultConfigurationIsVisible = 0;
			defaultConfigurationName = Release;
		};
/* End XCConfigurationList section */
	};
	rootObject = 0FC93EDC2C48F25C005438F6 /* Project object */;
}
